
Microsoft Visual Studio Solution File, Format Version 12.00
# Visual Studio Version 17
VisualStudioVersion = 17.14.36127.28
MinimumVisualStudioVersion = 10.0.40219.1
Project("{8BC9CEB8-8B4A-11D0-8D11-00A0C91BC942}") = "TestClFFT01", "TestClFFT01.vcxproj", "{6497DD00-7A0B-45F2-B543-38613EDC12E8}"
EndProject
Project("{8BC9CEB8-8B4A-11D0-8D11-00A0C91BC942}") = "clFFT", "..\clFFT\src\library\clFFT.vcxproj", "{F2D57C80-CEBF-3C83-A551-CAD7D77DF9A0}"
EndProject
Project("{2150E333-8FDC-42A3-9474-1A3956D46DE8}") = "~!Test_moduls", "~!Test_moduls", "{36D591C7-65C7-A0D1-1CBC-10CDE441BDC8}"
EndProject
Project("{8BC9CEB8-8B4A-11D0-8D11-00A0C91BC942}") = "socket0", "~!Test_moduls\socket0\socket0.vcxproj", "{A60AED2B-E3AC-4AC2-878F-22C98F5016A8}"
EndProject
Project("{8BC9CEB8-8B4A-11D0-8D11-00A0C91BC942}") = "Boost_server", "~!Test_moduls\Boost_server\Boost_server.vcxproj", "{61F88A05-94BC-4BA2-AE3B-0470F88F3BB7}"
EndProject
Project("{8BC9CEB8-8B4A-11D0-8D11-00A0C91BC942}") = "MyYaml", "~!Test_moduls\MyYaml\MyYaml.vcxproj", "{77405CBA-7793-41F1-BC2C-E7BC973D388B}"
EndProject
Project("{8BC9CEB8-8B4A-11D0-8D11-00A0C91BC942}") = "SendToServerCharp", "~!Test_moduls\SendToServerCharp\SendToServerCharp.vcxproj", "{8376B804-DE36-46FF-A0CE-FD9C28971A7F}"
EndProject
Project("{8BC9CEB8-8B4A-11D0-8D11-00A0C91BC942}") = "Send01", "~!Test_moduls\Send01\Send01.vcxproj", "{1FADFEE7-F872-4861-8CF9-221470E72A29}"
EndProject
Project("{8BC9CEB8-8B4A-11D0-8D11-00A0C91BC942}") = "Send02", "~!Test_moduls\Send02\Send02.vcxproj", "{E9E2280C-4C96-430C-BE6E-D691C9781B2A}"
EndProject
Project("{8BC9CEB8-8B4A-11D0-8D11-00A0C91BC942}") = "TcMemory01", "~!Test_moduls\TcMemory01\TcMemory01.vcxproj", "{075C254F-3BFB-4AFE-8C9B-086580307616}"
EndProject
Project("{8BC9CEB8-8B4A-11D0-8D11-00A0C91BC942}") = "TcMemory02", "~!Test_moduls\TcMemory02\TcMemory02.vcxproj", "{507E57F0-84FC-4ED5-AB62-8E4F859C8EAC}"
EndProject
Global
	GlobalSection(SolutionConfigurationPlatforms) = preSolution
		Debug|x64 = Debug|x64
		Debug|x86 = Debug|x86
		Release|x64 = Release|x64
		Release|x86 = Release|x86
	EndGlobalSection
	GlobalSection(ProjectConfigurationPlatforms) = postSolution
		{6497DD00-7A0B-45F2-B543-38613EDC12E8}.Debug|x64.ActiveCfg = Debug|x64
		{6497DD00-7A0B-45F2-B543-38613EDC12E8}.Debug|x64.Build.0 = Debug|x64
		{6497DD00-7A0B-45F2-B543-38613EDC12E8}.Debug|x86.ActiveCfg = Debug|Win32
		{6497DD00-7A0B-45F2-B543-38613EDC12E8}.Debug|x86.Build.0 = Debug|Win32
		{6497DD00-7A0B-45F2-B543-38613EDC12E8}.Release|x64.ActiveCfg = Release|x64
		{6497DD00-7A0B-45F2-B543-38613EDC12E8}.Release|x64.Build.0 = Release|x64
		{6497DD00-7A0B-45F2-B543-38613EDC12E8}.Release|x86.ActiveCfg = Release|Win32
		{6497DD00-7A0B-45F2-B543-38613EDC12E8}.Release|x86.Build.0 = Release|Win32
		{F2D57C80-CEBF-3C83-A551-CAD7D77DF9A0}.Debug|x64.ActiveCfg = Debug|x64
		{F2D57C80-CEBF-3C83-A551-CAD7D77DF9A0}.Debug|x64.Build.0 = Debug|x64
		{F2D57C80-CEBF-3C83-A551-CAD7D77DF9A0}.Debug|x86.ActiveCfg = Debug|x64
		{F2D57C80-CEBF-3C83-A551-CAD7D77DF9A0}.Debug|x86.Build.0 = Debug|x64
		{F2D57C80-CEBF-3C83-A551-CAD7D77DF9A0}.Release|x64.ActiveCfg = Release|x64
		{F2D57C80-CEBF-3C83-A551-CAD7D77DF9A0}.Release|x64.Build.0 = Release|x64
		{F2D57C80-CEBF-3C83-A551-CAD7D77DF9A0}.Release|x86.ActiveCfg = Release|x64
		{F2D57C80-CEBF-3C83-A551-CAD7D77DF9A0}.Release|x86.Build.0 = Release|x64
		{A60AED2B-E3AC-4AC2-878F-22C98F5016A8}.Debug|x64.ActiveCfg = Debug|x64
		{A60AED2B-E3AC-4AC2-878F-22C98F5016A8}.Debug|x64.Build.0 = Debug|x64
		{A60AED2B-E3AC-4AC2-878F-22C98F5016A8}.Debug|x86.ActiveCfg = Debug|Win32
		{A60AED2B-E3AC-4AC2-878F-22C98F5016A8}.Debug|x86.Build.0 = Debug|Win32
		{A60AED2B-E3AC-4AC2-878F-22C98F5016A8}.Release|x64.ActiveCfg = Release|x64
		{A60AED2B-E3AC-4AC2-878F-22C98F5016A8}.Release|x64.Build.0 = Release|x64
		{A60AED2B-E3AC-4AC2-878F-22C98F5016A8}.Release|x86.ActiveCfg = Release|Win32
		{A60AED2B-E3AC-4AC2-878F-22C98F5016A8}.Release|x86.Build.0 = Release|Win32
		{61F88A05-94BC-4BA2-AE3B-0470F88F3BB7}.Debug|x64.ActiveCfg = Debug|x64
		{61F88A05-94BC-4BA2-AE3B-0470F88F3BB7}.Debug|x64.Build.0 = Debug|x64
		{61F88A05-94BC-4BA2-AE3B-0470F88F3BB7}.Debug|x86.ActiveCfg = Debug|Win32
		{61F88A05-94BC-4BA2-AE3B-0470F88F3BB7}.Debug|x86.Build.0 = Debug|Win32
		{61F88A05-94BC-4BA2-AE3B-0470F88F3BB7}.Release|x64.ActiveCfg = Release|x64
		{61F88A05-94BC-4BA2-AE3B-0470F88F3BB7}.Release|x64.Build.0 = Release|x64
		{61F88A05-94BC-4BA2-AE3B-0470F88F3BB7}.Release|x86.ActiveCfg = Release|Win32
		{61F88A05-94BC-4BA2-AE3B-0470F88F3BB7}.Release|x86.Build.0 = Release|Win32
		{77405CBA-7793-41F1-BC2C-E7BC973D388B}.Debug|x64.ActiveCfg = Debug|x64
		{77405CBA-7793-41F1-BC2C-E7BC973D388B}.Debug|x64.Build.0 = Debug|x64
		{77405CBA-7793-41F1-BC2C-E7BC973D388B}.Debug|x86.ActiveCfg = Debug|Win32
		{77405CBA-7793-41F1-BC2C-E7BC973D388B}.Debug|x86.Build.0 = Debug|Win32
		{77405CBA-7793-41F1-BC2C-E7BC973D388B}.Release|x64.ActiveCfg = Release|x64
		{77405CBA-7793-41F1-BC2C-E7BC973D388B}.Release|x64.Build.0 = Release|x64
		{77405CBA-7793-41F1-BC2C-E7BC973D388B}.Release|x86.ActiveCfg = Release|Win32
		{77405CBA-7793-41F1-BC2C-E7BC973D388B}.Release|x86.Build.0 = Release|Win32
		{8376B804-DE36-46FF-A0CE-FD9C28971A7F}.Debug|x64.ActiveCfg = Debug|x64
		{8376B804-DE36-46FF-A0CE-FD9C28971A7F}.Debug|x64.Build.0 = Debug|x64
		{8376B804-DE36-46FF-A0CE-FD9C28971A7F}.Debug|x86.ActiveCfg = Debug|Win32
		{8376B804-DE36-46FF-A0CE-FD9C28971A7F}.Debug|x86.Build.0 = Debug|Win32
		{8376B804-DE36-46FF-A0CE-FD9C28971A7F}.Release|x64.ActiveCfg = Release|x64
		{8376B804-DE36-46FF-A0CE-FD9C28971A7F}.Release|x64.Build.0 = Release|x64
		{8376B804-DE36-46FF-A0CE-FD9C28971A7F}.Release|x86.ActiveCfg = Release|Win32
		{8376B804-DE36-46FF-A0CE-FD9C28971A7F}.Release|x86.Build.0 = Release|Win32
		{1FADFEE7-F872-4861-8CF9-221470E72A29}.Debug|x64.ActiveCfg = Debug|x64
		{1FADFEE7-F872-4861-8CF9-221470E72A29}.Debug|x64.Build.0 = Debug|x64
		{1FADFEE7-F872-4861-8CF9-221470E72A29}.Debug|x86.ActiveCfg = Debug|Win32
		{1FADFEE7-F872-4861-8CF9-221470E72A29}.Debug|x86.Build.0 = Debug|Win32
		{1FADFEE7-F872-4861-8CF9-221470E72A29}.Release|x64.ActiveCfg = Release|x64
		{1FADFEE7-F872-4861-8CF9-221470E72A29}.Release|x64.Build.0 = Release|x64
		{1FADFEE7-F872-4861-8CF9-221470E72A29}.Release|x86.ActiveCfg = Release|Win32
		{1FADFEE7-F872-4861-8CF9-221470E72A29}.Release|x86.Build.0 = Release|Win32
		{E9E2280C-4C96-430C-BE6E-D691C9781B2A}.Debug|x64.ActiveCfg = Debug|x64
		{E9E2280C-4C96-430C-BE6E-D691C9781B2A}.Debug|x64.Build.0 = Debug|x64
		{E9E2280C-4C96-430C-BE6E-D691C9781B2A}.Debug|x86.ActiveCfg = Debug|Win32
		{E9E2280C-4C96-430C-BE6E-D691C9781B2A}.Debug|x86.Build.0 = Debug|Win32
		{E9E2280C-4C96-430C-BE6E-D691C9781B2A}.Release|x64.ActiveCfg = Release|x64
		{E9E2280C-4C96-430C-BE6E-D691C9781B2A}.Release|x64.Build.0 = Release|x64
		{E9E2280C-4C96-430C-BE6E-D691C9781B2A}.Release|x86.ActiveCfg = Release|Win32
		{E9E2280C-4C96-430C-BE6E-D691C9781B2A}.Release|x86.Build.0 = Release|Win32
		{075C254F-3BFB-4AFE-8C9B-086580307616}.Debug|x64.ActiveCfg = Debug|x64
		{075C254F-3BFB-4AFE-8C9B-086580307616}.Debug|x64.Build.0 = Debug|x64
		{075C254F-3BFB-4AFE-8C9B-086580307616}.Debug|x86.ActiveCfg = Debug|Win32
		{075C254F-3BFB-4AFE-8C9B-086580307616}.Debug|x86.Build.0 = Debug|Win32
		{075C254F-3BFB-4AFE-8C9B-086580307616}.Release|x64.ActiveCfg = Release|x64
		{075C254F-3BFB-4AFE-8C9B-086580307616}.Release|x64.Build.0 = Release|x64
		{075C254F-3BFB-4AFE-8C9B-086580307616}.Release|x86.ActiveCfg = Release|Win32
		{075C254F-3BFB-4AFE-8C9B-086580307616}.Release|x86.Build.0 = Release|Win32
		{507E57F0-84FC-4ED5-AB62-8E4F859C8EAC}.Debug|x64.ActiveCfg = Debug|x64
		{507E57F0-84FC-4ED5-AB62-8E4F859C8EAC}.Debug|x64.Build.0 = Debug|x64
		{507E57F0-84FC-4ED5-AB62-8E4F859C8EAC}.Debug|x86.ActiveCfg = Debug|Win32
		{507E57F0-84FC-4ED5-AB62-8E4F859C8EAC}.Debug|x86.Build.0 = Debug|Win32
		{507E57F0-84FC-4ED5-AB62-8E4F859C8EAC}.Release|x64.ActiveCfg = Release|x64
		{507E57F0-84FC-4ED5-AB62-8E4F859C8EAC}.Release|x64.Build.0 = Release|x64
		{507E57F0-84FC-4ED5-AB62-8E4F859C8EAC}.Release|x86.ActiveCfg = Release|Win32
		{507E57F0-84FC-4ED5-AB62-8E4F859C8EAC}.Release|x86.Build.0 = Release|Win32
	EndGlobalSection
	GlobalSection(SolutionProperties) = preSolution
		HideSolutionNode = FALSE
	EndGlobalSection
	GlobalSection(NestedProjects) = preSolution
		{A60AED2B-E3AC-4AC2-878F-22C98F5016A8} = {36D591C7-65C7-A0D1-1CBC-10CDE441BDC8}
		{61F88A05-94BC-4BA2-AE3B-0470F88F3BB7} = {36D591C7-65C7-A0D1-1CBC-10CDE441BDC8}
		{77405CBA-7793-41F1-BC2C-E7BC973D388B} = {36D591C7-65C7-A0D1-1CBC-10CDE441BDC8}
		{8376B804-DE36-46FF-A0CE-FD9C28971A7F} = {36D591C7-65C7-A0D1-1CBC-10CDE441BDC8}
		{1FADFEE7-F872-4861-8CF9-221470E72A29} = {36D591C7-65C7-A0D1-1CBC-10CDE441BDC8}
		{E9E2280C-4C96-430C-BE6E-D691C9781B2A} = {36D591C7-65C7-A0D1-1CBC-10CDE441BDC8}
		{075C254F-3BFB-4AFE-8C9B-086580307616} = {36D591C7-65C7-A0D1-1CBC-10CDE441BDC8}
		{507E57F0-84FC-4ED5-AB62-8E4F859C8EAC} = {36D591C7-65C7-A0D1-1CBC-10CDE441BDC8}
	EndGlobalSection
	GlobalSection(ExtensibilityGlobals) = postSolution
		SolutionGuid = {DED92F1E-BC12-4F96-B1B1-C079487CDB7C}
	EndGlobalSection
EndGlobal
